// !$*UTF8*$!
{
	archiveVersion = 1;
	classes = {
	};
	objectVersion = 46;
	objects = {

/* Begin PBXBuildFile section */
		4DF1AFA81F342102005FF03C /* main.m in Sources */ = {isa = PBXBuildFile; fileRef = 4DF1AFA71F342102005FF03C /* main.m */; };
		4DF1AFAB1F342102005FF03C /* AppDelegate.m in Sources */ = {isa = PBXBuildFile; fileRef = 4DF1AFAA1F342102005FF03C /* AppDelegate.m */; };
		4DF1AFB11F342102005FF03C /* Main.storyboard in Resources */ = {isa = PBXBuildFile; fileRef = 4DF1AFAF1F342102005FF03C /* Main.storyboard */; };
		4DF1AFB31F342102005FF03C /* Assets.xcassets in Resources */ = {isa = PBXBuildFile; fileRef = 4DF1AFB21F342102005FF03C /* Assets.xcassets */; };
		4DF1AFB61F342102005FF03C /* LaunchScreen.storyboard in Resources */ = {isa = PBXBuildFile; fileRef = 4DF1AFB41F342102005FF03C /* LaunchScreen.storyboard */; };
		4DF1AFC51F342A0C005FF03C /* PanViewController.m in Sources */ = {isa = PBXBuildFile; fileRef = 4DF1AFC41F342A0C005FF03C /* PanViewController.m */; };
		4DF1AFC81F342A18005FF03C /* TapViewController.m in Sources */ = {isa = PBXBuildFile; fileRef = 4DF1AFC71F342A18005FF03C /* TapViewController.m */; };
		4DF1AFCB1F34430F005FF03C /* PinchViewController.m in Sources */ = {isa = PBXBuildFile; fileRef = 4DF1AFCA1F34430F005FF03C /* PinchViewController.m */; };
		4DF1AFCE1F3460DD005FF03C /* SwipeViewController.m in Sources */ = {isa = PBXBuildFile; fileRef = 4DF1AFCD1F3460DD005FF03C /* SwipeViewController.m */; };
		4DF1AFF41F354BEE005FF03C /* RotationViewController.m in Sources */ = {isa = PBXBuildFile; fileRef = 4DF1AFF31F354BEE005FF03C /* RotationViewController.m */; };
		4DF1AFF71F3565BF005FF03C /* EdgeViewController.m in Sources */ = {isa = PBXBuildFile; fileRef = 4DF1AFF61F3565BF005FF03C /* EdgeViewController.m */; };
/* End PBXBuildFile section */

/* Begin PBXFileReference section */
		4DF1AFA31F342102005FF03C /* Gestures.app */ = {isa = PBXFileReference; explicitFileType = wrapper.application; includeInIndex = 0; path = Gestures.app; sourceTree = BUILT_PRODUCTS_DIR; };
		4DF1AFA71F342102005FF03C /* main.m */ = {isa = PBXFileReference; lastKnownFileType = sourcecode.c.objc; path = main.m; sourceTree = "<group>"; };
		4DF1AFA91F342102005FF03C /* AppDelegate.h */ = {isa = PBXFileReference; lastKnownFileType = sourcecode.c.h; path = AppDelegate.h; sourceTree = "<group>"; };
		4DF1AFAA1F342102005FF03C /* AppDelegate.m */ = {isa = PBXFileReference; lastKnownFileType = sourcecode.c.objc; path = AppDelegate.m; sourceTree = "<group>"; };
		4DF1AFB01F342102005FF03C /* Base */ = {isa = PBXFileReference; lastKnownFileType = file.storyboard; name = Base; path = Base.lproj/Main.storyboard; sourceTree = "<group>"; };
		4DF1AFB21F342102005FF03C /* Assets.xcassets */ = {isa = PBXFileReference; lastKnownFileType = folder.assetcatalog; path = Assets.xcassets; sourceTree = "<group>"; };
		4DF1AFB51F342102005FF03C /* Base */ = {isa = PBXFileReference; lastKnownFileType = file.storyboard; name = Base; path = Base.lproj/LaunchScreen.storyboard; sourceTree = "<group>"; };
		4DF1AFB71F342102005FF03C /* Info.plist */ = {isa = PBXFileReference; lastKnownFileType = text.plist.xml; path = Info.plist; sourceTree = "<group>"; };
		4DF1AFC31F342A0C005FF03C /* PanViewController.h */ = {isa = PBXFileReference; fileEncoding = 4; lastKnownFileType = sourcecode.c.h; name = PanViewController.h; path = ../PanViewController.h; sourceTree = "<group>"; };
		4DF1AFC41F342A0C005FF03C /* PanViewController.m */ = {isa = PBXFileReference; fileEncoding = 4; lastKnownFileType = sourcecode.c.objc; name = PanViewController.m; path = ../PanViewController.m; sourceTree = "<group>"; };
		4DF1AFC61F342A18005FF03C /* TapViewController.h */ = {isa = PBXFileReference; fileEncoding = 4; lastKnownFileType = sourcecode.c.h; name = TapViewController.h; path = ../TapViewController.h; sourceTree = "<group>"; };
		4DF1AFC71F342A18005FF03C /* TapViewController.m */ = {isa = PBXFileReference; fileEncoding = 4; lastKnownFileType = sourcecode.c.objc; name = TapViewController.m; path = ../TapViewController.m; sourceTree = "<group>"; };
		4DF1AFC91F34430F005FF03C /* PinchViewController.h */ = {isa = PBXFileReference; fileEncoding = 4; lastKnownFileType = sourcecode.c.h; path = PinchViewController.h; sourceTree = "<group>"; };
		4DF1AFCA1F34430F005FF03C /* PinchViewController.m */ = {isa = PBXFileReference; fileEncoding = 4; lastKnownFileType = sourcecode.c.objc; path = PinchViewController.m; sourceTree = "<group>"; };
		4DF1AFCC1F3460DD005FF03C /* SwipeViewController.h */ = {isa = PBXFileReference; fileEncoding = 4; lastKnownFileType = sourcecode.c.h; path = SwipeViewController.h; sourceTree = "<group>"; };
		4DF1AFCD1F3460DD005FF03C /* SwipeViewController.m */ = {isa = PBXFileReference; fileEncoding = 4; lastKnownFileType = sourcecode.c.objc; path = SwipeViewController.m; sourceTree = "<group>"; };
		4DF1AFF21F354BEE005FF03C /* RotationViewController.h */ = {isa = PBXFileReference; fileEncoding = 4; lastKnownFileType = sourcecode.c.h; path = RotationViewController.h; sourceTree = "<group>"; };
		4DF1AFF31F354BEE005FF03C /* RotationViewController.m */ = {isa = PBXFileReference; fileEncoding = 4; lastKnownFileType = sourcecode.c.objc; path = RotationViewController.m; sourceTree = "<group>"; };
		4DF1AFF51F3565BF005FF03C /* EdgeViewController.h */ = {isa = PBXFileReference; fileEncoding = 4; lastKnownFileType = sourcecode.c.h; path = EdgeViewController.h; sourceTree = "<group>"; };
		4DF1AFF61F3565BF005FF03C /* EdgeViewController.m */ = {isa = PBXFileReference; fileEncoding = 4; lastKnownFileType = sourcecode.c.objc; path = EdgeViewController.m; sourceTree = "<group>"; };
/* End PBXFileReference section */

/* Begin PBXFrameworksBuildPhase section */
		4DF1AFA01F342102005FF03C /* Frameworks */ = {
			isa = PBXFrameworksBuildPhase;
			buildActionMask = 2147483647;
			files = (
			);
			runOnlyForDeploymentPostprocessing = 0;
		};
/* End PBXFrameworksBuildPhase section */

/* Begin PBXGroup section */
		4DF1AF9A1F342102005FF03C = {
			isa = PBXGroup;
			children = (
				4DF1AFA51F342102005FF03C /* Gestures */,
				4DF1AFA41F342102005FF03C /* Products */,
			);
			sourceTree = "<group>";
		};
		4DF1AFA41F342102005FF03C /* Products */ = {
			isa = PBXGroup;
			children = (
				4DF1AFA31F342102005FF03C /* Gestures.app */,
			);
			name = Products;
			sourceTree = "<group>";
		};
		4DF1AFA51F342102005FF03C /* Gestures */ = {
			isa = PBXGroup;
			children = (
				4DF1AFAF1F342102005FF03C /* Main.storyboard */,
				4DF1AFF51F3565BF005FF03C /* EdgeViewController.h */,
				4DF1AFF61F3565BF005FF03C /* EdgeViewController.m */,
				4DF1AFF21F354BEE005FF03C /* RotationViewController.h */,
				4DF1AFF31F354BEE005FF03C /* RotationViewController.m */,
				4DF1AFCC1F3460DD005FF03C /* SwipeViewController.h */,
				4DF1AFCD1F3460DD005FF03C /* SwipeViewController.m */,
				4DF1AFC91F34430F005FF03C /* PinchViewController.h */,
				4DF1AFCA1F34430F005FF03C /* PinchViewController.m */,
				4DF1AFC31F342A0C005FF03C /* PanViewController.h */,
				4DF1AFC41F342A0C005FF03C /* PanViewController.m */,
				4DF1AFC61F342A18005FF03C /* TapViewController.h */,
				4DF1AFC71F342A18005FF03C /* TapViewController.m */,
				4DF1AFA61F342102005FF03C /* Supporting Files */,
			);
			path = Gestures;
			sourceTree = "<group>";
		};
		4DF1AFA61F342102005FF03C /* Supporting Files */ = {
			isa = PBXGroup;
			children = (
				4DF1AFB21F342102005FF03C /* Assets.xcassets */,
				4DF1AFA91F342102005FF03C /* AppDelegate.h */,
				4DF1AFAA1F342102005FF03C /* AppDelegate.m */,
				4DF1AFB71F342102005FF03C /* Info.plist */,
				4DF1AFB41F342102005FF03C /* LaunchScreen.storyboard */,
				4DF1AFA71F342102005FF03C /* main.m */,
			);
			name = "Supporting Files";
			sourceTree = "<group>";
		};
/* End PBXGroup section */

/* Begin PBXNativeTarget section */
		4DF1AFA21F342102005FF03C /* Gestures */ = {
			isa = PBXNativeTarget;
			buildConfigurationList = 4DF1AFBA1F342102005FF03C /* Build configuration list for PBXNativeTarget "Gestures" */;
			buildPhases = (
				4DF1AF9F1F342102005FF03C /* Sources */,
				4DF1AFA01F342102005FF03C /* Frameworks */,
				4DF1AFA11F342102005FF03C /* Resources */,
			);
			buildRules = (
			);
			dependencies = (
			);
			name = Gestures;
			productName = Gestures;
			productReference = 4DF1AFA31F342102005FF03C /* Gestures.app */;
			productType = "com.apple.product-type.application";
		};
/* End PBXNativeTarget section */

/* Begin PBXProject section */
		4DF1AF9B1F342102005FF03C /* Project object */ = {
			isa = PBXProject;
			attributes = {
				LastUpgradeCheck = 0830;
				ORGANIZATIONNAME = "Jaewon Kim";
				TargetAttributes = {
					4DF1AFA21F342102005FF03C = {
						CreatedOnToolsVersion = 8.3.3;
						ProvisioningStyle = Automatic;
					};
				};
			};
			buildConfigurationList = 4DF1AF9E1F342102005FF03C /* Build configuration list for PBXProject "Gestures" */;
			compatibilityVersion = "Xcode 3.2";
			developmentRegion = English;
			hasScannedForEncodings = 0;
			knownRegions = (
				en,
				Base,
			);
			mainGroup = 4DF1AF9A1F342102005FF03C;
			productRefGroup = 4DF1AFA41F342102005FF03C /* Products */;
			projectDirPath = "";
			projectRoot = "";
			targets = (
				4DF1AFA21F342102005FF03C /* Gestures */,
			);
		};
/* End PBXProject section */

/* Begin PBXResourcesBuildPhase section */
		4DF1AFA11F342102005FF03C /* Resources */ = {
			isa = PBXResourcesBuildPhase;
			buildActionMask = 2147483647;
			files = (
				4DF1AFB61F342102005FF03C /* LaunchScreen.storyboard in Resources */,
				4DF1AFB31F342102005FF03C /* Assets.xcassets in Resources */,
				4DF1AFB11F342102005FF03C /* Main.storyboard in Resources */,
			);
			runOnlyForDeploymentPostprocessing = 0;
		};
/* End PBXResourcesBuildPhase section */

/* Begin PBXSourcesBuildPhase section */
		4DF1AF9F1F342102005FF03C /* Sources */ = {
			isa = PBXSourcesBuildPhase;
			buildActionMask = 2147483647;
			files = (
				4DF1AFC51F342A0C005FF03C /* PanViewController.m in Sources */,
				4DF1AFAB1F342102005FF03C /* AppDelegate.m in Sources */,
				4DF1AFCB1F34430F005FF03C /* PinchViewController.m in Sources */,
				4DF1AFF71F3565BF005FF03C /* EdgeViewController.m in Sources */,
				4DF1AFF41F354BEE005FF03C /* RotationViewController.m in Sources */,
				4DF1AFCE1F3460DD005FF03C /* SwipeViewController.m in Sources */,
				4DF1AFC81F342A18005FF03C /* TapViewController.m in Sources */,
				4DF1AFA81F342102005FF03C /* main.m in Sources */,
			);
			runOnlyForDeploymentPostprocessing = 0;
		};
/* End PBXSourcesBuildPhase section */

/* Begin PBXVariantGroup section */
		4DF1AFAF1F342102005FF03C /* Main.storyboard */ = {
			isa = PBXVariantGroup;
			children = (
				4DF1AFB01F342102005FF03C /* Base */,
			);
			name = Main.storyboard;
			sourceTree = "<group>";
		};
		4DF1AFB41F342102005FF03C /* LaunchScreen.storyboard */ = {
			isa = PBXVariantGroup;
			children = (
				4DF1AFB51F342102005FF03C /* Base */,
			);
			name = LaunchScreen.storyboard;
			sourceTree = "<group>";
		};
/* End PBXVariantGroup section */

/* Begin XCBuildConfiguration section */
		4DF1AFB81F342102005FF03C /* Debug */ = {
			isa = XCBuildConfiguration;
			buildSettings = {
				ALWAYS_SEARCH_USER_PATHS = NO;
				CLANG_ANALYZER_NONNULL = YES;
				CLANG_ANALYZER_NUMBER_OBJECT_CONVERSION = YES_AGGRESSIVE;
				CLANG_CXX_LANGUAGE_STANDARD = "gnu++0x";
				CLANG_CXX_LIBRARY = "libc++";
				CLANG_ENABLE_MODULES = YES;
				CLANG_ENABLE_OBJC_ARC = YES;
				CLANG_WARN_BOOL_CONVERSION = YES;
				CLANG_WARN_CONSTANT_CONVERSION = YES;
				CLANG_WARN_DIRECT_OBJC_ISA_USAGE = YES_ERROR;
				CLANG_WARN_DOCUMENTATION_COMMENTS = YES;
				CLANG_WARN_EMPTY_BODY = YES;
				CLANG_WARN_ENUM_CONVERSION = YES;
				CLANG_WARN_INFINITE_RECURSION = YES;
				CLANG_WARN_INT_CONVERSION = YES;
				CLANG_WARN_OBJC_ROOT_CLASS = YES_ERROR;
				CLANG_WARN_SUSPICIOUS_MOVE = YES;
				CLANG_WARN_UNREACHABLE_CODE = YES;
				CLANG_WARN__DUPLICATE_METHOD_MATCH = YES;
				"CODE_SIGN_IDENTITY[sdk=iphoneos*]" = "iPhone Developer";
				COPY_PHASE_STRIP = NO;
				DEBUG_INFORMATION_FORMAT = dwarf;
				ENABLE_STRICT_OBJC_MSGSEND = YES;
				ENABLE_TESTABILITY = YES;
				GCC_C_LANGUAGE_STANDARD = gnu99;
				GCC_DYNAMIC_NO_PIC = NO;
				GCC_NO_COMMON_BLOCKS = YES;
				GCC_OPTIMIZATION_LEVEL = 0;
				GCC_PREPROCESSOR_DEFINITIONS = (
					"DEBUG=1",
					"$(inherited)",
				);
				GCC_WARN_64_TO_32_BIT_CONVERSION = YES;
				GCC_WARN_ABOUT_RETURN_TYPE = YES_ERROR;
				GCC_WARN_UNDECLARED_SELECTOR = YES;
				GCC_WARN_UNINITIALIZED_AUTOS = YES_AGGRESSIVE;
				GCC_WARN_UNUSED_FUNCTION = YES;
				GCC_WARN_UNUSED_VARIABLE = YES;
				IPHONEOS_DEPLOYMENT_TARGET = 10.3;
				MTL_ENABLE_DEBUG_INFO = YES;
				ONLY_ACTIVE_ARCH = YES;
				SDKROOT = iphoneos;
			};
			name = Debug;
		};
		4DF1AFB91F342102005FF03C /* Release */ = {
			isa = XCBuildConfiguration;
			buildSettings = {
				ALWAYS_SEARCH_USER_PATHS = NO;
				CLANG_ANALYZER_NONNULL = YES;
				CLANG_ANALYZER_NUMBER_OBJECT_CONVERSION = YES_AGGRESSIVE;
				CLANG_CXX_LANGUAGE_STANDARD = "gnu++0x";
				CLANG_CXX_LIBRARY = "libc++";
				CLANG_ENABLE_MODULES = YES;
				CLANG_ENABLE_OBJC_ARC = YES;
				CLANG_WARN_BOOL_CONVERSION = YES;
				CLANG_WARN_CONSTANT_CONVERSION = YES;
				CLANG_WARN_DIRECT_OBJC_ISA_USAGE = YES_ERROR;
				CLANG_WARN_DOCUMENTATION_COMMENTS = YES;
				CLANG_WARN_EMPTY_BODY = YES;
				CLANG_WARN_ENUM_CONVERSION = YES;
				CLANG_WARN_INFINITE_RECURSION = YES;
				CLANG_WARN_INT_CONVERSION = YES;
				CLANG_WARN_OBJC_ROOT_CLASS = YES_ERROR;
				CLANG_WARN_SUSPICIOUS_MOVE = YES;
				CLANG_WARN_UNREACHABLE_CODE = YES;
				CLANG_WARN__DUPLICATE_METHOD_MATCH = YES;
				"CODE_SIGN_IDENTITY[sdk=iphoneos*]" = "iPhone Developer";
				COPY_PHASE_STRIP = NO;
				DEBUG_INFORMATION_FORMAT = "dwarf-with-dsym";
				ENABLE_NS_ASSERTIONS = NO;
				ENABLE_STRICT_OBJC_MSGSEND = YES;
				GCC_C_LANGUAGE_STANDARD = gnu99;
				GCC_NO_COMMON_BLOCKS = YES;
				GCC_WARN_64_TO_32_BIT_CONVERSION = YES;
				GCC_WARN_ABOUT_RETURN_TYPE = YES_ERROR;
				GCC_WARN_UNDECLARED_SELECTOR = YES;
				GCC_WARN_UNINITIALIZED_AUTOS = YES_AGGRESSIVE;
				GCC_WARN_UNUSED_FUNCTION = YES;
				GCC_WARN_UNUSED_VARIABLE = YES;
				IPHONEOS_DEPLOYMENT_TARGET = 10.3;
				MTL_ENABLE_DEBUG_INFO = NO;
				SDKROOT = iphoneos;
				VALIDATE_PRODUCT = YES;
			};
			name = Release;
		};
		4DF1AFBB1F342102005FF03C /* Debug */ = {
			isa = XCBuildConfiguration;
			buildSettings = {
				ASSETCATALOG_COMPILER_APPICON_NAME = AppIcon;
				INFOPLIST_FILE = Gestures/Info.plist;
				LD_RUNPATH_SEARCH_PATHS = "$(inherited) @executable_path/Frameworks";
				PRODUCT_BUNDLE_IDENTIFIER = com.jaewonkim.Gestures;
				PRODUCT_NAME = "$(TARGET_NAME)";
			};
			name = Debug;
		};
		4DF1AFBC1F342102005FF03C /* Release */ = {
			isa = XCBuildConfiguration;
			buildSettings = {
				ASSETCATALOG_COMPILER_APPICON_NAME = AppIcon;
				INFOPLIST_FILE = Gestures/Info.plist;
				LD_RUNPATH_SEARCH_PATHS = "$(inherited) @executable_path/Frameworks";
				PRODUCT_BUNDLE_IDENTIFIER = com.jaewonkim.Gestures;
				PRODUCT_NAME = "$(TARGET_NAME)";
			};
			name = Release;
		};
/* End XCBuildConfiguration section */

/* Begin XCConfigurationList section */
		4DF1AF9E1F342102005FF03C /* Build configuration list for PBXProject "Gestures" */ = {
			isa = XCConfigurationList;
			buildConfigurations = (
				4DF1AFB81F342102005FF03C /* Debug */,
				4DF1AFB91F342102005FF03C /* Release */,
			);
			defaultConfigurationIsVisible = 0;
			defaultConfigurationName = Release;
		};
		4DF1AFBA1F342102005FF03C /* Build configuration list for PBXNativeTarget "Gestures" */ = {
			isa = XCConfigurationList;
			buildConfigurations = (
				4DF1AFBB1F342102005FF03C /* Debug */,
				4DF1AFBC1F342102005FF03C /* Release */,
			);
			defaultConfigurationIsVisible = 0;
			defaultConfigurationName = Release;
		};
/* End XCConfigurationList section */
	};
	rootObject = 4DF1AF9B1F342102005FF03C /* Project object */;
}
